// !$*UTF8*$!
{
	archiveVersion = 1;
	classes = {
	};
	objectVersion = 50;
	objects = {

/* Begin PBXBuildFile section */
		C8B5358A24594A9500C7D4C5 /* AppDelegate.swift in Sources */ = {isa = PBXBuildFile; fileRef = C8B5358924594A9500C7D4C5 /* AppDelegate.swift */; };
		C8B5358C24594A9500C7D4C5 /* SceneDelegate.swift in Sources */ = {isa = PBXBuildFile; fileRef = C8B5358B24594A9500C7D4C5 /* SceneDelegate.swift */; };
		C8B5359124594A9500C7D4C5 /* Main.storyboard in Resources */ = {isa = PBXBuildFile; fileRef = C8B5358F24594A9500C7D4C5 /* Main.storyboard */; };
		C8B5359324594A9900C7D4C5 /* Assets.xcassets in Resources */ = {isa = PBXBuildFile; fileRef = C8B5359224594A9900C7D4C5 /* Assets.xcassets */; };
		C8B5359624594A9900C7D4C5 /* LaunchScreen.storyboard in Resources */ = {isa = PBXBuildFile; fileRef = C8B5359424594A9900C7D4C5 /* LaunchScreen.storyboard */; };
		C8B535A124594A9900C7D4C5 /* ALNetworkingTests.swift in Sources */ = {isa = PBXBuildFile; fileRef = C8B535A024594A9900C7D4C5 /* ALNetworkingTests.swift */; };
		C8B535AC24594A9900C7D4C5 /* ALNetworkingUITests.swift in Sources */ = {isa = PBXBuildFile; fileRef = C8B535AB24594A9900C7D4C5 /* ALNetworkingUITests.swift */; };
		C8B535BE24594E4500C7D4C5 /* RestManager.swift in Sources */ = {isa = PBXBuildFile; fileRef = C8B535BD24594E4500C7D4C5 /* RestManager.swift */; };
		C8B535C02459A27F00C7D4C5 /* SampleStructures.swift in Sources */ = {isa = PBXBuildFile; fileRef = C8B535BF2459A27F00C7D4C5 /* SampleStructures.swift */; };
		C8B535C32459A64800C7D4C5 /* CustomCell.swift in Sources */ = {isa = PBXBuildFile; fileRef = C8B535C12459A64800C7D4C5 /* CustomCell.swift */; };
		C8B535C42459A64800C7D4C5 /* CustomCell.xib in Resources */ = {isa = PBXBuildFile; fileRef = C8B535C22459A64800C7D4C5 /* CustomCell.xib */; };
		C8B535C62459A78300C7D4C5 /* CustomeTableViewController.swift in Sources */ = {isa = PBXBuildFile; fileRef = C8B535C52459A78300C7D4C5 /* CustomeTableViewController.swift */; };
		C8B535CE2459BD8D00C7D4C5 /* Configuration.swift in Sources */ = {isa = PBXBuildFile; fileRef = C8B535CD2459BD8D00C7D4C5 /* Configuration.swift */; };
/* End PBXBuildFile section */

/* Begin PBXContainerItemProxy section */
		C8B5359D24594A9900C7D4C5 /* PBXContainerItemProxy */ = {
			isa = PBXContainerItemProxy;
			containerPortal = C8B5357E24594A9500C7D4C5 /* Project object */;
			proxyType = 1;
			remoteGlobalIDString = C8B5358524594A9500C7D4C5;
			remoteInfo = ALNetworking;
		};
		C8B535A824594A9900C7D4C5 /* PBXContainerItemProxy */ = {
			isa = PBXContainerItemProxy;
			containerPortal = C8B5357E24594A9500C7D4C5 /* Project object */;
			proxyType = 1;
			remoteGlobalIDString = C8B5358524594A9500C7D4C5;
			remoteInfo = ALNetworking;
		};
/* End PBXContainerItemProxy section */

/* Begin PBXFileReference section */
		C8B5358624594A9500C7D4C5 /* ALNetworking.app */ = {isa = PBXFileReference; explicitFileType = wrapper.application; includeInIndex = 0; path = ALNetworking.app; sourceTree = BUILT_PRODUCTS_DIR; };
		C8B5358924594A9500C7D4C5 /* AppDelegate.swift */ = {isa = PBXFileReference; lastKnownFileType = sourcecode.swift; path = AppDelegate.swift; sourceTree = "<group>"; };
		C8B5358B24594A9500C7D4C5 /* SceneDelegate.swift */ = {isa = PBXFileReference; lastKnownFileType = sourcecode.swift; path = SceneDelegate.swift; sourceTree = "<group>"; };
		C8B5359024594A9500C7D4C5 /* Base */ = {isa = PBXFileReference; lastKnownFileType = file.storyboard; name = Base; path = Base.lproj/Main.storyboard; sourceTree = "<group>"; };
		C8B5359224594A9900C7D4C5 /* Assets.xcassets */ = {isa = PBXFileReference; lastKnownFileType = folder.assetcatalog; path = Assets.xcassets; sourceTree = "<group>"; };
		C8B5359524594A9900C7D4C5 /* Base */ = {isa = PBXFileReference; lastKnownFileType = file.storyboard; name = Base; path = Base.lproj/LaunchScreen.storyboard; sourceTree = "<group>"; };
		C8B5359724594A9900C7D4C5 /* Info.plist */ = {isa = PBXFileReference; lastKnownFileType = text.plist.xml; path = Info.plist; sourceTree = "<group>"; };
		C8B5359C24594A9900C7D4C5 /* ALNetworkingTests.xctest */ = {isa = PBXFileReference; explicitFileType = wrapper.cfbundle; includeInIndex = 0; path = ALNetworkingTests.xctest; sourceTree = BUILT_PRODUCTS_DIR; };
		C8B535A024594A9900C7D4C5 /* ALNetworkingTests.swift */ = {isa = PBXFileReference; lastKnownFileType = sourcecode.swift; path = ALNetworkingTests.swift; sourceTree = "<group>"; };
		C8B535A224594A9900C7D4C5 /* Info.plist */ = {isa = PBXFileReference; lastKnownFileType = text.plist.xml; path = Info.plist; sourceTree = "<group>"; };
		C8B535A724594A9900C7D4C5 /* ALNetworkingUITests.xctest */ = {isa = PBXFileReference; explicitFileType = wrapper.cfbundle; includeInIndex = 0; path = ALNetworkingUITests.xctest; sourceTree = BUILT_PRODUCTS_DIR; };
		C8B535AB24594A9900C7D4C5 /* ALNetworkingUITests.swift */ = {isa = PBXFileReference; lastKnownFileType = sourcecode.swift; path = ALNetworkingUITests.swift; sourceTree = "<group>"; };
		C8B535AD24594A9900C7D4C5 /* Info.plist */ = {isa = PBXFileReference; lastKnownFileType = text.plist.xml; path = Info.plist; sourceTree = "<group>"; };
		C8B535BD24594E4500C7D4C5 /* RestManager.swift */ = {isa = PBXFileReference; lastKnownFileType = sourcecode.swift; path = RestManager.swift; sourceTree = "<group>"; };
		C8B535BF2459A27F00C7D4C5 /* SampleStructures.swift */ = {isa = PBXFileReference; fileEncoding = 4; lastKnownFileType = sourcecode.swift; path = SampleStructures.swift; sourceTree = "<group>"; };
		C8B535C12459A64800C7D4C5 /* CustomCell.swift */ = {isa = PBXFileReference; lastKnownFileType = sourcecode.swift; path = CustomCell.swift; sourceTree = "<group>"; };
		C8B535C22459A64800C7D4C5 /* CustomCell.xib */ = {isa = PBXFileReference; lastKnownFileType = file.xib; path = CustomCell.xib; sourceTree = "<group>"; };
		C8B535C52459A78300C7D4C5 /* CustomeTableViewController.swift */ = {isa = PBXFileReference; lastKnownFileType = sourcecode.swift; path = CustomeTableViewController.swift; sourceTree = "<group>"; };
		C8B535CD2459BD8D00C7D4C5 /* Configuration.swift */ = {isa = PBXFileReference; lastKnownFileType = sourcecode.swift; path = Configuration.swift; sourceTree = "<group>"; };
/* End PBXFileReference section */

/* Begin PBXFrameworksBuildPhase section */
		C8B5358324594A9500C7D4C5 /* Frameworks */ = {
			isa = PBXFrameworksBuildPhase;
			buildActionMask = 2147483647;
			files = (
			);
			runOnlyForDeploymentPostprocessing = 0;
		};
		C8B5359924594A9900C7D4C5 /* Frameworks */ = {
			isa = PBXFrameworksBuildPhase;
			buildActionMask = 2147483647;
			files = (
			);
			runOnlyForDeploymentPostprocessing = 0;
		};
		C8B535A424594A9900C7D4C5 /* Frameworks */ = {
			isa = PBXFrameworksBuildPhase;
			buildActionMask = 2147483647;
			files = (
			);
			runOnlyForDeploymentPostprocessing = 0;
		};
/* End PBXFrameworksBuildPhase section */

/* Begin PBXGroup section */
		5BD457361B6157FFD7CBED73 /* Pods */ = {
			isa = PBXGroup;
			children = (
			);
			path = Pods;
			sourceTree = "<group>";
		};
		C8B5357D24594A9500C7D4C5 = {
			isa = PBXGroup;
			children = (
				C8B535D0245AB09C00C7D4C5 /* CustomCell */,
				C8B535CF245AB08E00C7D4C5 /* Services */,
				C8B5358824594A9500C7D4C5 /* ALNetworking */,
				C8B5359F24594A9900C7D4C5 /* ALNetworkingTests */,
				C8B535AA24594A9900C7D4C5 /* ALNetworkingUITests */,
				C8B5358724594A9500C7D4C5 /* Products */,
				5BD457361B6157FFD7CBED73 /* Pods */,
			);
			sourceTree = "<group>";
		};
		C8B5358724594A9500C7D4C5 /* Products */ = {
			isa = PBXGroup;
			children = (
				C8B5358624594A9500C7D4C5 /* ALNetworking.app */,
				C8B5359C24594A9900C7D4C5 /* ALNetworkingTests.xctest */,
				C8B535A724594A9900C7D4C5 /* ALNetworkingUITests.xctest */,
			);
			name = Products;
			sourceTree = "<group>";
		};
		C8B5358824594A9500C7D4C5 /* ALNetworking */ = {
			isa = PBXGroup;
			children = (
				C8B535C52459A78300C7D4C5 /* CustomeTableViewController.swift */,
				C8B535BF2459A27F00C7D4C5 /* SampleStructures.swift */,
				C8B5358924594A9500C7D4C5 /* AppDelegate.swift */,
				C8B5358B24594A9500C7D4C5 /* SceneDelegate.swift */,
				C8B5358F24594A9500C7D4C5 /* Main.storyboard */,
				C8B5359224594A9900C7D4C5 /* Assets.xcassets */,
				C8B5359424594A9900C7D4C5 /* LaunchScreen.storyboard */,
				C8B5359724594A9900C7D4C5 /* Info.plist */,
			);
			path = ALNetworking;
			sourceTree = "<group>";
		};
		C8B5359F24594A9900C7D4C5 /* ALNetworkingTests */ = {
			isa = PBXGroup;
			children = (
				C8B535A024594A9900C7D4C5 /* ALNetworkingTests.swift */,
				C8B535A224594A9900C7D4C5 /* Info.plist */,
			);
			path = ALNetworkingTests;
			sourceTree = "<group>";
		};
		C8B535AA24594A9900C7D4C5 /* ALNetworkingUITests */ = {
			isa = PBXGroup;
			children = (
				C8B535AB24594A9900C7D4C5 /* ALNetworkingUITests.swift */,
				C8B535AD24594A9900C7D4C5 /* Info.plist */,
			);
			path = ALNetworkingUITests;
			sourceTree = "<group>";
		};
		C8B535CF245AB08E00C7D4C5 /* Services */ = {
			isa = PBXGroup;
			children = (
				C8B535BD24594E4500C7D4C5 /* RestManager.swift */,
				C8B535CD2459BD8D00C7D4C5 /* Configuration.swift */,
			);
			path = Services;
			sourceTree = "<group>";
		};
		C8B535D0245AB09C00C7D4C5 /* CustomCell */ = {
			isa = PBXGroup;
			children = (
				C8B535C12459A64800C7D4C5 /* CustomCell.swift */,
				C8B535C22459A64800C7D4C5 /* CustomCell.xib */,
			);
			path = CustomCell;
			sourceTree = "<group>";
		};
/* End PBXGroup section */

/* Begin PBXNativeTarget section */
		C8B5358524594A9500C7D4C5 /* ALNetworking */ = {
			isa = PBXNativeTarget;
			buildConfigurationList = C8B535B024594A9900C7D4C5 /* Build configuration list for PBXNativeTarget "ALNetworking" */;
			buildPhases = (
				C8B5358224594A9500C7D4C5 /* Sources */,
				C8B5358324594A9500C7D4C5 /* Frameworks */,
				C8B5358424594A9500C7D4C5 /* Resources */,
			);
			buildRules = (
			);
			dependencies = (
			);
			name = ALNetworking;
			productName = ALNetworking;
			productReference = C8B5358624594A9500C7D4C5 /* ALNetworking.app */;
			productType = "com.apple.product-type.application";
		};
		C8B5359B24594A9900C7D4C5 /* ALNetworkingTests */ = {
			isa = PBXNativeTarget;
			buildConfigurationList = C8B535B324594A9900C7D4C5 /* Build configuration list for PBXNativeTarget "ALNetworkingTests" */;
			buildPhases = (
				C8B5359824594A9900C7D4C5 /* Sources */,
				C8B5359924594A9900C7D4C5 /* Frameworks */,
				C8B5359A24594A9900C7D4C5 /* Resources */,
			);
			buildRules = (
			);
			dependencies = (
				C8B5359E24594A9900C7D4C5 /* PBXTargetDependency */,
			);
			name = ALNetworkingTests;
			productName = ALNetworkingTests;
			productReference = C8B5359C24594A9900C7D4C5 /* ALNetworkingTests.xctest */;
			productType = "com.apple.product-type.bundle.unit-test";
		};
		C8B535A624594A9900C7D4C5 /* ALNetworkingUITests */ = {
			isa = PBXNativeTarget;
			buildConfigurationList = C8B535B624594A9900C7D4C5 /* Build configuration list for PBXNativeTarget "ALNetworkingUITests" */;
			buildPhases = (
				C8B535A324594A9900C7D4C5 /* Sources */,
				C8B535A424594A9900C7D4C5 /* Frameworks */,
				C8B535A524594A9900C7D4C5 /* Resources */,
			);
			buildRules = (
			);
			dependencies = (
				C8B535A924594A9900C7D4C5 /* PBXTargetDependency */,
			);
			name = ALNetworkingUITests;
			productName = ALNetworkingUITests;
			productReference = C8B535A724594A9900C7D4C5 /* ALNetworkingUITests.xctest */;
			productType = "com.apple.product-type.bundle.ui-testing";
		};
/* End PBXNativeTarget section */

/* Begin PBXProject section */
		C8B5357E24594A9500C7D4C5 /* Project object */ = {
			isa = PBXProject;
			attributes = {
				LastSwiftUpdateCheck = 1130;
				LastUpgradeCheck = 1130;
				ORGANIZATIONNAME = "Arpit Lokwani";
				TargetAttributes = {
					C8B5358524594A9500C7D4C5 = {
						CreatedOnToolsVersion = 11.3.1;
					};
					C8B5359B24594A9900C7D4C5 = {
						CreatedOnToolsVersion = 11.3.1;
						TestTargetID = C8B5358524594A9500C7D4C5;
					};
					C8B535A624594A9900C7D4C5 = {
						CreatedOnToolsVersion = 11.3.1;
						TestTargetID = C8B5358524594A9500C7D4C5;
					};
				};
			};
			buildConfigurationList = C8B5358124594A9500C7D4C5 /* Build configuration list for PBXProject "ALNetworking" */;
			compatibilityVersion = "Xcode 9.3";
			developmentRegion = en;
			hasScannedForEncodings = 0;
			knownRegions = (
				en,
				Base,
			);
			mainGroup = C8B5357D24594A9500C7D4C5;
			productRefGroup = C8B5358724594A9500C7D4C5 /* Products */;
			projectDirPath = "";
			projectRoot = "";
			targets = (
				C8B5358524594A9500C7D4C5 /* ALNetworking */,
				C8B5359B24594A9900C7D4C5 /* ALNetworkingTests */,
				C8B535A624594A9900C7D4C5 /* ALNetworkingUITests */,
			);
		};
/* End PBXProject section */

/* Begin PBXResourcesBuildPhase section */
		C8B5358424594A9500C7D4C5 /* Resources */ = {
			isa = PBXResourcesBuildPhase;
			buildActionMask = 2147483647;
			files = (
				C8B5359624594A9900C7D4C5 /* LaunchScreen.storyboard in Resources */,
				C8B5359324594A9900C7D4C5 /* Assets.xcassets in Resources */,
				C8B535C42459A64800C7D4C5 /* CustomCell.xib in Resources */,
				C8B5359124594A9500C7D4C5 /* Main.storyboard in Resources */,
			);
			runOnlyForDeploymentPostprocessing = 0;
		};
		C8B5359A24594A9900C7D4C5 /* Resources */ = {
			isa = PBXResourcesBuildPhase;
			buildActionMask = 2147483647;
			files = (
			);
			runOnlyForDeploymentPostprocessing = 0;
		};
		C8B535A524594A9900C7D4C5 /* Resources */ = {
			isa = PBXResourcesBuildPhase;
			buildActionMask = 2147483647;
			files = (
			);
			runOnlyForDeploymentPostprocessing = 0;
		};
/* End PBXResourcesBuildPhase section */

/* Begin PBXSourcesBuildPhase section */
		C8B5358224594A9500C7D4C5 /* Sources */ = {
			isa = PBXSourcesBuildPhase;
			buildActionMask = 2147483647;
			files = (
				C8B535C62459A78300C7D4C5 /* CustomeTableViewController.swift in Sources */,
				C8B535C02459A27F00C7D4C5 /* SampleStructures.swift in Sources */,
				C8B535BE24594E4500C7D4C5 /* RestManager.swift in Sources */,
				C8B5358A24594A9500C7D4C5 /* AppDelegate.swift in Sources */,
				C8B535C32459A64800C7D4C5 /* CustomCell.swift in Sources */,
				C8B535CE2459BD8D00C7D4C5 /* Configuration.swift in Sources */,
				C8B5358C24594A9500C7D4C5 /* SceneDelegate.swift in Sources */,
			);
			runOnlyForDeploymentPostprocessing = 0;
		};
		C8B5359824594A9900C7D4C5 /* Sources */ = {
			isa = PBXSourcesBuildPhase;
			buildActionMask = 2147483647;
			files = (
				C8B535A124594A9900C7D4C5 /* ALNetworkingTests.swift in Sources */,
			);
			runOnlyForDeploymentPostprocessing = 0;
		};
		C8B535A324594A9900C7D4C5 /* Sources */ = {
			isa = PBXSourcesBuildPhase;
			buildActionMask = 2147483647;
			files = (
				C8B535AC24594A9900C7D4C5 /* ALNetworkingUITests.swift in Sources */,
			);
			runOnlyForDeploymentPostprocessing = 0;
		};
/* End PBXSourcesBuildPhase section */

/* Begin PBXTargetDependency section */
		C8B5359E24594A9900C7D4C5 /* PBXTargetDependency */ = {
			isa = PBXTargetDependency;
			target = C8B5358524594A9500C7D4C5 /* ALNetworking */;
			targetProxy = C8B5359D24594A9900C7D4C5 /* PBXContainerItemProxy */;
		};
		C8B535A924594A9900C7D4C5 /* PBXTargetDependency */ = {
			isa = PBXTargetDependency;
			target = C8B5358524594A9500C7D4C5 /* ALNetworking */;
			targetProxy = C8B535A824594A9900C7D4C5 /* PBXContainerItemProxy */;
		};
/* End PBXTargetDependency section */

/* Begin PBXVariantGroup section */
		C8B5358F24594A9500C7D4C5 /* Main.storyboard */ = {
			isa = PBXVariantGroup;
			children = (
				C8B5359024594A9500C7D4C5 /* Base */,
			);
			name = Main.storyboard;
			sourceTree = "<group>";
		};
		C8B5359424594A9900C7D4C5 /* LaunchScreen.storyboard */ = {
			isa = PBXVariantGroup;
			children = (
				C8B5359524594A9900C7D4C5 /* Base */,
			);
			name = LaunchScreen.storyboard;
			sourceTree = "<group>";
		};
/* End PBXVariantGroup section */

/* Begin XCBuildConfiguration section */
		C8B535AE24594A9900C7D4C5 /* Debug(Staging) */ = {
			isa = XCBuildConfiguration;
			buildSettings = {
				ALWAYS_SEARCH_USER_PATHS = NO;
				CLANG_ANALYZER_NONNULL = YES;
				CLANG_ANALYZER_NUMBER_OBJECT_CONVERSION = YES_AGGRESSIVE;
				CLANG_CXX_LANGUAGE_STANDARD = "gnu++14";
				CLANG_CXX_LIBRARY = "libc++";
				CLANG_ENABLE_MODULES = YES;
				CLANG_ENABLE_OBJC_ARC = YES;
				CLANG_ENABLE_OBJC_WEAK = YES;
				CLANG_WARN_BLOCK_CAPTURE_AUTORELEASING = YES;
				CLANG_WARN_BOOL_CONVERSION = YES;
				CLANG_WARN_COMMA = YES;
				CLANG_WARN_CONSTANT_CONVERSION = YES;
				CLANG_WARN_DEPRECATED_OBJC_IMPLEMENTATIONS = YES;
				CLANG_WARN_DIRECT_OBJC_ISA_USAGE = YES_ERROR;
				CLANG_WARN_DOCUMENTATION_COMMENTS = YES;
				CLANG_WARN_EMPTY_BODY = YES;
				CLANG_WARN_ENUM_CONVERSION = YES;
				CLANG_WARN_INFINITE_RECURSION = YES;
				CLANG_WARN_INT_CONVERSION = YES;
				CLANG_WARN_NON_LITERAL_NULL_CONVERSION = YES;
				CLANG_WARN_OBJC_IMPLICIT_RETAIN_SELF = YES;
				CLANG_WARN_OBJC_LITERAL_CONVERSION = YES;
				CLANG_WARN_OBJC_ROOT_CLASS = YES_ERROR;
				CLANG_WARN_RANGE_LOOP_ANALYSIS = YES;
				CLANG_WARN_STRICT_PROTOTYPES = YES;
				CLANG_WARN_SUSPICIOUS_MOVE = YES;
				CLANG_WARN_UNGUARDED_AVAILABILITY = YES_AGGRESSIVE;
				CLANG_WARN_UNREACHABLE_CODE = YES;
				CLANG_WARN__DUPLICATE_METHOD_MATCH = YES;
				COPY_PHASE_STRIP = NO;
				DEBUG_INFORMATION_FORMAT = dwarf;
				ENABLE_STRICT_OBJC_MSGSEND = YES;
				ENABLE_TESTABILITY = YES;
				GCC_C_LANGUAGE_STANDARD = gnu11;
				GCC_DYNAMIC_NO_PIC = NO;
				GCC_NO_COMMON_BLOCKS = YES;
				GCC_OPTIMIZATION_LEVEL = 0;
				GCC_PREPROCESSOR_DEFINITIONS = (
					"DEBUG=1",
					"$(inherited)",
				);
				GCC_WARN_64_TO_32_BIT_CONVERSION = YES;
				GCC_WARN_ABOUT_RETURN_TYPE = YES_ERROR;
				GCC_WARN_UNDECLARED_SELECTOR = YES;
				GCC_WARN_UNINITIALIZED_AUTOS = YES_AGGRESSIVE;
				GCC_WARN_UNUSED_FUNCTION = YES;
				GCC_WARN_UNUSED_VARIABLE = YES;
				IPHONEOS_DEPLOYMENT_TARGET = 13.2;
				MTL_ENABLE_DEBUG_INFO = INCLUDE_SOURCE;
				MTL_FAST_MATH = YES;
				ONLY_ACTIVE_ARCH = YES;
				SDKROOT = iphoneos;
				SWIFT_ACTIVE_COMPILATION_CONDITIONS = DEBUG;
				SWIFT_OPTIMIZATION_LEVEL = "-Onone";
			};
			name = "Debug(Staging)";
		};
		C8B535AF24594A9900C7D4C5 /* Release */ = {
			isa = XCBuildConfiguration;
			buildSettings = {
				ALWAYS_SEARCH_USER_PATHS = NO;
				CLANG_ANALYZER_NONNULL = YES;
				CLANG_ANALYZER_NUMBER_OBJECT_CONVERSION = YES_AGGRESSIVE;
				CLANG_CXX_LANGUAGE_STANDARD = "gnu++14";
				CLANG_CXX_LIBRARY = "libc++";
				CLANG_ENABLE_MODULES = YES;
				CLANG_ENABLE_OBJC_ARC = YES;
				CLANG_ENABLE_OBJC_WEAK = YES;
				CLANG_WARN_BLOCK_CAPTURE_AUTORELEASING = YES;
				CLANG_WARN_BOOL_CONVERSION = YES;
				CLANG_WARN_COMMA = YES;
				CLANG_WARN_CONSTANT_CONVERSION = YES;
				CLANG_WARN_DEPRECATED_OBJC_IMPLEMENTATIONS = YES;
				CLANG_WARN_DIRECT_OBJC_ISA_USAGE = YES_ERROR;
				CLANG_WARN_DOCUMENTATION_COMMENTS = YES;
				CLANG_WARN_EMPTY_BODY = YES;
				CLANG_WARN_ENUM_CONVERSION = YES;
				CLANG_WARN_INFINITE_RECURSION = YES;
				CLANG_WARN_INT_CONVERSION = YES;
				CLANG_WARN_NON_LITERAL_NULL_CONVERSION = YES;
				CLANG_WARN_OBJC_IMPLICIT_RETAIN_SELF = YES;
				CLANG_WARN_OBJC_LITERAL_CONVERSION = YES;
				CLANG_WARN_OBJC_ROOT_CLASS = YES_ERROR;
				CLANG_WARN_RANGE_LOOP_ANALYSIS = YES;
				CLANG_WARN_STRICT_PROTOTYPES = YES;
				CLANG_WARN_SUSPICIOUS_MOVE = YES;
				CLANG_WARN_UNGUARDED_AVAILABILITY = YES_AGGRESSIVE;
				CLANG_WARN_UNREACHABLE_CODE = YES;
				CLANG_WARN__DUPLICATE_METHOD_MATCH = YES;
				COPY_PHASE_STRIP = NO;
				DEBUG_INFORMATION_FORMAT = "dwarf-with-dsym";
				ENABLE_NS_ASSERTIONS = NO;
				ENABLE_STRICT_OBJC_MSGSEND = YES;
				GCC_C_LANGUAGE_STANDARD = gnu11;
				GCC_NO_COMMON_BLOCKS = YES;
				GCC_WARN_64_TO_32_BIT_CONVERSION = YES;
				GCC_WARN_ABOUT_RETURN_TYPE = YES_ERROR;
				GCC_WARN_UNDECLARED_SELECTOR = YES;
				GCC_WARN_UNINITIALIZED_AUTOS = YES_AGGRESSIVE;
				GCC_WARN_UNUSED_FUNCTION = YES;
				GCC_WARN_UNUSED_VARIABLE = YES;
				IPHONEOS_DEPLOYMENT_TARGET = 13.2;
				MTL_ENABLE_DEBUG_INFO = NO;
				MTL_FAST_MATH = YES;
				SDKROOT = iphoneos;
				SWIFT_COMPILATION_MODE = wholemodule;
				SWIFT_OPTIMIZATION_LEVEL = "-O";
				VALIDATE_PRODUCT = YES;
			};
			name = Release;
		};
		C8B535B124594A9900C7D4C5 /* Debug(Staging) */ = {
			isa = XCBuildConfiguration;
			buildSettings = {
				ASSETCATALOG_COMPILER_APPICON_NAME = AppIcon;
				CODE_SIGN_STYLE = Automatic;
				DEVELOPMENT_TEAM = 6E887G534X;
				INFOPLIST_FILE = ALNetworking/Info.plist;
				LD_RUNPATH_SEARCH_PATHS = (
					"$(inherited)",
					"@executable_path/Frameworks",
				);
				PRODUCT_BUNDLE_IDENTIFIER = com.raz.ALNetworking;
				PRODUCT_NAME = "$(TARGET_NAME)";
				SWIFT_VERSION = 5.0;
				TARGETED_DEVICE_FAMILY = "1,2";
			};
			name = "Debug(Staging)";
		};
		C8B535B224594A9900C7D4C5 /* Release */ = {
			isa = XCBuildConfiguration;
			buildSettings = {
				ASSETCATALOG_COMPILER_APPICON_NAME = AppIcon;
				CODE_SIGN_STYLE = Automatic;
				DEVELOPMENT_TEAM = 6E887G534X;
				INFOPLIST_FILE = ALNetworking/Info.plist;
				LD_RUNPATH_SEARCH_PATHS = (
					"$(inherited)",
					"@executable_path/Frameworks",
				);
				PRODUCT_BUNDLE_IDENTIFIER = com.raz.ALNetworking;
				PRODUCT_NAME = "$(TARGET_NAME)";
				SWIFT_VERSION = 5.0;
				TARGETED_DEVICE_FAMILY = "1,2";
			};
			name = Release;
		};
		C8B535B424594A9900C7D4C5 /* Debug(Staging) */ = {
			isa = XCBuildConfiguration;
			buildSettings = {
				ALWAYS_EMBED_SWIFT_STANDARD_LIBRARIES = YES;
				BUNDLE_LOADER = "$(TEST_HOST)";
				CODE_SIGN_STYLE = Automatic;
				DEVELOPMENT_TEAM = 6E887G534X;
				INFOPLIST_FILE = ALNetworkingTests/Info.plist;
				IPHONEOS_DEPLOYMENT_TARGET = 13.2;
				LD_RUNPATH_SEARCH_PATHS = (
					"$(inherited)",
					"@executable_path/Frameworks",
					"@loader_path/Frameworks",
				);
				PRODUCT_BUNDLE_IDENTIFIER = com.raz.ALNetworkingTests;
				PRODUCT_NAME = "$(TARGET_NAME)";
				SWIFT_VERSION = 5.0;
				TARGETED_DEVICE_FAMILY = "1,2";
				TEST_HOST = "$(BUILT_PRODUCTS_DIR)/ALNetworking.app/ALNetworking";
			};
			name = "Debug(Staging)";
		};
		C8B535B524594A9900C7D4C5 /* Release */ = {
			isa = XCBuildConfiguration;
			buildSettings = {
				ALWAYS_EMBED_SWIFT_STANDARD_LIBRARIES = YES;
				BUNDLE_LOADER = "$(TEST_HOST)";
				CODE_SIGN_STYLE = Automatic;
				DEVELOPMENT_TEAM = 6E887G534X;
				INFOPLIST_FILE = ALNetworkingTests/Info.plist;
				IPHONEOS_DEPLOYMENT_TARGET = 13.2;
				LD_RUNPATH_SEARCH_PATHS = (
					"$(inherited)",
					"@executable_path/Frameworks",
					"@loader_path/Frameworks",
				);
				PRODUCT_BUNDLE_IDENTIFIER = com.raz.ALNetworkingTests;
				PRODUCT_NAME = "$(TARGET_NAME)";
				SWIFT_VERSION = 5.0;
				TARGETED_DEVICE_FAMILY = "1,2";
				TEST_HOST = "$(BUILT_PRODUCTS_DIR)/ALNetworking.app/ALNetworking";
			};
			name = Release;
		};
		C8B535B724594A9900C7D4C5 /* Debug(Staging) */ = {
			isa = XCBuildConfiguration;
			buildSettings = {
				ALWAYS_EMBED_SWIFT_STANDARD_LIBRARIES = YES;
				CODE_SIGN_STYLE = Automatic;
				DEVELOPMENT_TEAM = 6E887G534X;
				INFOPLIST_FILE = ALNetworkingUITests/Info.plist;
				LD_RUNPATH_SEARCH_PATHS = (
					"$(inherited)",
					"@executable_path/Frameworks",
					"@loader_path/Frameworks",
				);
				PRODUCT_BUNDLE_IDENTIFIER = com.raz.ALNetworkingUITests;
				PRODUCT_NAME = "$(TARGET_NAME)";
				SWIFT_VERSION = 5.0;
				TARGETED_DEVICE_FAMILY = "1,2";
				TEST_TARGET_NAME = ALNetworking;
			};
			name = "Debug(Staging)";
		};
		C8B535B824594A9900C7D4C5 /* Release */ = {
			isa = XCBuildConfiguration;
			buildSettings = {
				ALWAYS_EMBED_SWIFT_STANDARD_LIBRARIES = YES;
				CODE_SIGN_STYLE = Automatic;
				DEVELOPMENT_TEAM = 6E887G534X;
				INFOPLIST_FILE = ALNetworkingUITests/Info.plist;
				LD_RUNPATH_SEARCH_PATHS = (
					"$(inherited)",
					"@executable_path/Frameworks",
					"@loader_path/Frameworks",
				);
				PRODUCT_BUNDLE_IDENTIFIER = com.raz.ALNetworkingUITests;
				PRODUCT_NAME = "$(TARGET_NAME)";
				SWIFT_VERSION = 5.0;
				TARGETED_DEVICE_FAMILY = "1,2";
				TEST_TARGET_NAME = ALNetworking;
			};
			name = Release;
		};
		C8B535C92459BBB100C7D4C5 /* Debug(Production) */ = {
			isa = XCBuildConfiguration;
			buildSettings = {
				ALWAYS_SEARCH_USER_PATHS = NO;
				CLANG_ANALYZER_NONNULL = YES;
				CLANG_ANALYZER_NUMBER_OBJECT_CONVERSION = YES_AGGRESSIVE;
				CLANG_CXX_LANGUAGE_STANDARD = "gnu++14";
				CLANG_CXX_LIBRARY = "libc++";
				CLANG_ENABLE_MODULES = YES;
				CLANG_ENABLE_OBJC_ARC = YES;
				CLANG_ENABLE_OBJC_WEAK = YES;
				CLANG_WARN_BLOCK_CAPTURE_AUTORELEASING = YES;
				CLANG_WARN_BOOL_CONVERSION = YES;
				CLANG_WARN_COMMA = YES;
				CLANG_WARN_CONSTANT_CONVERSION = YES;
				CLANG_WARN_DEPRECATED_OBJC_IMPLEMENTATIONS = YES;
				CLANG_WARN_DIRECT_OBJC_ISA_USAGE = YES_ERROR;
				CLANG_WARN_DOCUMENTATION_COMMENTS = YES;
				CLANG_WARN_EMPTY_BODY = YES;
				CLANG_WARN_ENUM_CONVERSION = YES;
				CLANG_WARN_INFINITE_RECURSION = YES;
				CLANG_WARN_INT_CONVERSION = YES;
				CLANG_WARN_NON_LITERAL_NULL_CONVERSION = YES;
				CLANG_WARN_OBJC_IMPLICIT_RETAIN_SELF = YES;
				CLANG_WARN_OBJC_LITERAL_CONVERSION = YES;
				CLANG_WARN_OBJC_ROOT_CLASS = YES_ERROR;
				CLANG_WARN_RANGE_LOOP_ANALYSIS = YES;
				CLANG_WARN_STRICT_PROTOTYPES = YES;
				CLANG_WARN_SUSPICIOUS_MOVE = YES;
				CLANG_WARN_UNGUARDED_AVAILABILITY = YES_AGGRESSIVE;
				CLANG_WARN_UNREACHABLE_CODE = YES;
				CLANG_WARN__DUPLICATE_METHOD_MATCH = YES;
				COPY_PHASE_STRIP = NO;
				DEBUG_INFORMATION_FORMAT = dwarf;
				ENABLE_STRICT_OBJC_MSGSEND = YES;
				ENABLE_TESTABILITY = YES;
				GCC_C_LANGUAGE_STANDARD = gnu11;
				GCC_DYNAMIC_NO_PIC = NO;
				GCC_NO_COMMON_BLOCKS = YES;
				GCC_OPTIMIZATION_LEVEL = 0;
				GCC_PREPROCESSOR_DEFINITIONS = (
					"DEBUG=1",
					"$(inherited)",
				);
				GCC_WARN_64_TO_32_BIT_CONVERSION = YES;
				GCC_WARN_ABOUT_RETURN_TYPE = YES_ERROR;
				GCC_WARN_UNDECLARED_SELECTOR = YES;
				GCC_WARN_UNINITIALIZED_AUTOS = YES_AGGRESSIVE;
				GCC_WARN_UNUSED_FUNCTION = YES;
				GCC_WARN_UNUSED_VARIABLE = YES;
				IPHONEOS_DEPLOYMENT_TARGET = 13.2;
				MTL_ENABLE_DEBUG_INFO = INCLUDE_SOURCE;
				MTL_FAST_MATH = YES;
				ONLY_ACTIVE_ARCH = YES;
				SDKROOT = iphoneos;
				SWIFT_ACTIVE_COMPILATION_CONDITIONS = DEBUG;
				SWIFT_OPTIMIZATION_LEVEL = "-Onone";
			};
			name = "Debug(Production)";
		};
		C8B535CA2459BBB100C7D4C5 /* Debug(Production) */ = {
			isa = XCBuildConfiguration;
			buildSettings = {
				ASSETCATALOG_COMPILER_APPICON_NAME = AppIcon;
				CODE_SIGN_STYLE = Automatic;
				DEVELOPMENT_TEAM = 6E887G534X;
				INFOPLIST_FILE = ALNetworking/Info.plist;
				LD_RUNPATH_SEARCH_PATHS = (
					"$(inherited)",
					"@executable_path/Frameworks",
				);
				PRODUCT_BUNDLE_IDENTIFIER = com.raz.ALNetworking;
				PRODUCT_NAME = "$(TARGET_NAME)";
				SWIFT_VERSION = 5.0;
				TARGETED_DEVICE_FAMILY = "1,2";
			};
			name = "Debug(Production)";
		};
		C8B535CB2459BBB100C7D4C5 /* Debug(Production) */ = {
			isa = XCBuildConfiguration;
			buildSettings = {
				ALWAYS_EMBED_SWIFT_STANDARD_LIBRARIES = YES;
				BUNDLE_LOADER = "$(TEST_HOST)";
				CODE_SIGN_STYLE = Automatic;
				DEVELOPMENT_TEAM = 6E887G534X;
				INFOPLIST_FILE = ALNetworkingTests/Info.plist;
				IPHONEOS_DEPLOYMENT_TARGET = 13.2;
				LD_RUNPATH_SEARCH_PATHS = (
					"$(inherited)",
					"@executable_path/Frameworks",
					"@loader_path/Frameworks",
				);
				PRODUCT_BUNDLE_IDENTIFIER = com.raz.ALNetworkingTests;
				PRODUCT_NAME = "$(TARGET_NAME)";
				SWIFT_VERSION = 5.0;
				TARGETED_DEVICE_FAMILY = "1,2";
				TEST_HOST = "$(BUILT_PRODUCTS_DIR)/ALNetworking.app/ALNetworking";
			};
			name = "Debug(Production)";
		};
		C8B535CC2459BBB100C7D4C5 /* Debug(Production) */ = {
			isa = XCBuildConfiguration;
			buildSettings = {
				ALWAYS_EMBED_SWIFT_STANDARD_LIBRARIES = YES;
				CODE_SIGN_STYLE = Automatic;
				DEVELOPMENT_TEAM = 6E887G534X;
				INFOPLIST_FILE = ALNetworkingUITests/Info.plist;
				LD_RUNPATH_SEARCH_PATHS = (
					"$(inherited)",
					"@executable_path/Frameworks",
					"@loader_path/Frameworks",
				);
				PRODUCT_BUNDLE_IDENTIFIER = com.raz.ALNetworkingUITests;
				PRODUCT_NAME = "$(TARGET_NAME)";
				SWIFT_VERSION = 5.0;
				TARGETED_DEVICE_FAMILY = "1,2";
				TEST_TARGET_NAME = ALNetworking;
			};
			name = "Debug(Production)";
		};
/* End XCBuildConfiguration section */

/* Begin XCConfigurationList section */
		C8B5358124594A9500C7D4C5 /* Build configuration list for PBXProject "ALNetworking" */ = {
			isa = XCConfigurationList;
			buildConfigurations = (
				C8B535AE24594A9900C7D4C5 /* Debug(Staging) */,
				C8B535C92459BBB100C7D4C5 /* Debug(Production) */,
				C8B535AF24594A9900C7D4C5 /* Release */,
			);
			defaultConfigurationIsVisible = 0;
			defaultConfigurationName = Release;
		};
		C8B535B024594A9900C7D4C5 /* Build configuration list for PBXNativeTarget "ALNetworking" */ = {
			isa = XCConfigurationList;
			buildConfigurations = (
				C8B535B124594A9900C7D4C5 /* Debug(Staging) */,
				C8B535CA2459BBB100C7D4C5 /* Debug(Production) */,
				C8B535B224594A9900C7D4C5 /* Release */,
			);
			defaultConfigurationIsVisible = 0;
			defaultConfigurationName = Release;
		};
		C8B535B324594A9900C7D4C5 /* Build configuration list for PBXNativeTarget "ALNetworkingTests" */ = {
			isa = XCConfigurationList;
			buildConfigurations = (
				C8B535B424594A9900C7D4C5 /* Debug(Staging) */,
				C8B535CB2459BBB100C7D4C5 /* Debug(Production) */,
				C8B535B524594A9900C7D4C5 /* Release */,
			);
			defaultConfigurationIsVisible = 0;
			defaultConfigurationName = Release;
		};
		C8B535B624594A9900C7D4C5 /* Build configuration list for PBXNativeTarget "ALNetworkingUITests" */ = {
			isa = XCConfigurationList;
			buildConfigurations = (
				C8B535B724594A9900C7D4C5 /* Debug(Staging) */,
				C8B535CC2459BBB100C7D4C5 /* Debug(Production) */,
				C8B535B824594A9900C7D4C5 /* Release */,
			);
			defaultConfigurationIsVisible = 0;
			defaultConfigurationName = Release;
		};
/* End XCConfigurationList section */
	};
	rootObject = C8B5357E24594A9500C7D4C5 /* Project object */;
}
